// !$*UTF8*$!
{
	archiveVersion = 1;
	classes = {
	};
	objectVersion = 46;
	objects = {

/* Begin PBXBuildFile section */
		CB9597F61D5C429500A10276 /* AppDelegate.swift in Sources */ = {isa = PBXBuildFile; fileRef = CB9597F51D5C429500A10276 /* AppDelegate.swift */; };
		CB9597F81D5C429500A10276 /* ViewController.swift in Sources */ = {isa = PBXBuildFile; fileRef = CB9597F71D5C429500A10276 /* ViewController.swift */; };
		CB9597FB1D5C429500A10276 /* Main.storyboard in Resources */ = {isa = PBXBuildFile; fileRef = CB9597F91D5C429500A10276 /* Main.storyboard */; };
		CB9597FD1D5C429500A10276 /* Assets.xcassets in Resources */ = {isa = PBXBuildFile; fileRef = CB9597FC1D5C429500A10276 /* Assets.xcassets */; };
		CB9598001D5C429500A10276 /* LaunchScreen.storyboard in Resources */ = {isa = PBXBuildFile; fileRef = CB9597FE1D5C429500A10276 /* LaunchScreen.storyboard */; };
		CB95980B1D5C429500A10276 /* PokedexTests.swift in Sources */ = {isa = PBXBuildFile; fileRef = CB95980A1D5C429500A10276 /* PokedexTests.swift */; };
		CB9598161D5C429500A10276 /* PokedexUITests.swift in Sources */ = {isa = PBXBuildFile; fileRef = CB9598151D5C429500A10276 /* PokedexUITests.swift */; };
		CB9598241D5C479F00A10276 /* pokemon.csv in Resources */ = {isa = PBXBuildFile; fileRef = CB9598231D5C479F00A10276 /* pokemon.csv */; };
/* End PBXBuildFile section */

/* Begin PBXContainerItemProxy section */
		CB9598071D5C429500A10276 /* PBXContainerItemProxy */ = {
			isa = PBXContainerItemProxy;
			containerPortal = CB9597EA1D5C429500A10276 /* Project object */;
			proxyType = 1;
			remoteGlobalIDString = CB9597F11D5C429500A10276;
			remoteInfo = Pokedex;
		};
		CB9598121D5C429500A10276 /* PBXContainerItemProxy */ = {
			isa = PBXContainerItemProxy;
			containerPortal = CB9597EA1D5C429500A10276 /* Project object */;
			proxyType = 1;
			remoteGlobalIDString = CB9597F11D5C429500A10276;
			remoteInfo = Pokedex;
		};
/* End PBXContainerItemProxy section */

/* Begin PBXFileReference section */
		CB9597F21D5C429500A10276 /* Pokedex.app */ = {isa = PBXFileReference; explicitFileType = wrapper.application; includeInIndex = 0; path = Pokedex.app; sourceTree = BUILT_PRODUCTS_DIR; };
		CB9597F51D5C429500A10276 /* AppDelegate.swift */ = {isa = PBXFileReference; lastKnownFileType = sourcecode.swift; path = AppDelegate.swift; sourceTree = "<group>"; };
		CB9597F71D5C429500A10276 /* ViewController.swift */ = {isa = PBXFileReference; lastKnownFileType = sourcecode.swift; path = ViewController.swift; sourceTree = "<group>"; };
		CB9597FA1D5C429500A10276 /* Base */ = {isa = PBXFileReference; lastKnownFileType = file.storyboard; name = Base; path = Base.lproj/Main.storyboard; sourceTree = "<group>"; };
		CB9597FC1D5C429500A10276 /* Assets.xcassets */ = {isa = PBXFileReference; lastKnownFileType = folder.assetcatalog; path = Assets.xcassets; sourceTree = "<group>"; };
		CB9597FF1D5C429500A10276 /* Base */ = {isa = PBXFileReference; lastKnownFileType = file.storyboard; name = Base; path = Base.lproj/LaunchScreen.storyboard; sourceTree = "<group>"; };
		CB9598011D5C429500A10276 /* Info.plist */ = {isa = PBXFileReference; lastKnownFileType = text.plist.xml; path = Info.plist; sourceTree = "<group>"; };
		CB9598061D5C429500A10276 /* PokedexTests.xctest */ = {isa = PBXFileReference; explicitFileType = wrapper.cfbundle; includeInIndex = 0; path = PokedexTests.xctest; sourceTree = BUILT_PRODUCTS_DIR; };
		CB95980A1D5C429500A10276 /* PokedexTests.swift */ = {isa = PBXFileReference; lastKnownFileType = sourcecode.swift; path = PokedexTests.swift; sourceTree = "<group>"; };
		CB95980C1D5C429500A10276 /* Info.plist */ = {isa = PBXFileReference; lastKnownFileType = text.plist.xml; path = Info.plist; sourceTree = "<group>"; };
		CB9598111D5C429500A10276 /* PokedexUITests.xctest */ = {isa = PBXFileReference; explicitFileType = wrapper.cfbundle; includeInIndex = 0; path = PokedexUITests.xctest; sourceTree = BUILT_PRODUCTS_DIR; };
		CB9598151D5C429500A10276 /* PokedexUITests.swift */ = {isa = PBXFileReference; lastKnownFileType = sourcecode.swift; path = PokedexUITests.swift; sourceTree = "<group>"; };
		CB9598171D5C429500A10276 /* Info.plist */ = {isa = PBXFileReference; lastKnownFileType = text.plist.xml; path = Info.plist; sourceTree = "<group>"; };
		CB9598231D5C479F00A10276 /* pokemon.csv */ = {isa = PBXFileReference; fileEncoding = 4; lastKnownFileType = text; path = pokemon.csv; sourceTree = "<group>"; };
/* End PBXFileReference section */

/* Begin PBXFrameworksBuildPhase section */
		CB9597EF1D5C429500A10276 /* Frameworks */ = {
			isa = PBXFrameworksBuildPhase;
			buildActionMask = 2147483647;
			files = (
			);
			runOnlyForDeploymentPostprocessing = 0;
		};
		CB9598031D5C429500A10276 /* Frameworks */ = {
			isa = PBXFrameworksBuildPhase;
			buildActionMask = 2147483647;
			files = (
			);
			runOnlyForDeploymentPostprocessing = 0;
		};
		CB95980E1D5C429500A10276 /* Frameworks */ = {
			isa = PBXFrameworksBuildPhase;
			buildActionMask = 2147483647;
			files = (
			);
			runOnlyForDeploymentPostprocessing = 0;
		};
/* End PBXFrameworksBuildPhase section */

/* Begin PBXGroup section */
		CB9597E91D5C429500A10276 = {
			isa = PBXGroup;
			children = (
				CB9597F41D5C429500A10276 /* Pokedex */,
				CB9598091D5C429500A10276 /* PokedexTests */,
				CB9598141D5C429500A10276 /* PokedexUITests */,
				CB9597F31D5C429500A10276 /* Products */,
			);
			sourceTree = "<group>";
		};
		CB9597F31D5C429500A10276 /* Products */ = {
			isa = PBXGroup;
			children = (
				CB9597F21D5C429500A10276 /* Pokedex.app */,
				CB9598061D5C429500A10276 /* PokedexTests.xctest */,
				CB9598111D5C429500A10276 /* PokedexUITests.xctest */,
			);
			name = Products;
			sourceTree = "<group>";
		};
		CB9597F41D5C429500A10276 /* Pokedex */ = {
			isa = PBXGroup;
			children = (
				CB9597F51D5C429500A10276 /* AppDelegate.swift */,
				CB9597F71D5C429500A10276 /* ViewController.swift */,
				CB9597F91D5C429500A10276 /* Main.storyboard */,
				CB9597FC1D5C429500A10276 /* Assets.xcassets */,
				CB9598231D5C479F00A10276 /* pokemon.csv */,
				CB9597FE1D5C429500A10276 /* LaunchScreen.storyboard */,
				CB9598011D5C429500A10276 /* Info.plist */,
			);
			path = Pokedex;
			sourceTree = "<group>";
		};
		CB9598091D5C429500A10276 /* PokedexTests */ = {
			isa = PBXGroup;
			children = (
				CB95980A1D5C429500A10276 /* PokedexTests.swift */,
				CB95980C1D5C429500A10276 /* Info.plist */,
			);
			path = PokedexTests;
			sourceTree = "<group>";
		};
		CB9598141D5C429500A10276 /* PokedexUITests */ = {
			isa = PBXGroup;
			children = (
				CB9598151D5C429500A10276 /* PokedexUITests.swift */,
				CB9598171D5C429500A10276 /* Info.plist */,
			);
			path = PokedexUITests;
			sourceTree = "<group>";
		};
/* End PBXGroup section */

/* Begin PBXNativeTarget section */
		CB9597F11D5C429500A10276 /* Pokedex */ = {
			isa = PBXNativeTarget;
			buildConfigurationList = CB95981A1D5C429500A10276 /* Build configuration list for PBXNativeTarget "Pokedex" */;
			buildPhases = (
				CB9597EE1D5C429500A10276 /* Sources */,
				CB9597EF1D5C429500A10276 /* Frameworks */,
				CB9597F01D5C429500A10276 /* Resources */,
			);
			buildRules = (
			);
			dependencies = (
			);
			name = Pokedex;
			productName = Pokedex;
			productReference = CB9597F21D5C429500A10276 /* Pokedex.app */;
			productType = "com.apple.product-type.application";
		};
		CB9598051D5C429500A10276 /* PokedexTests */ = {
			isa = PBXNativeTarget;
			buildConfigurationList = CB95981D1D5C429500A10276 /* Build configuration list for PBXNativeTarget "PokedexTests" */;
			buildPhases = (
				CB9598021D5C429500A10276 /* Sources */,
				CB9598031D5C429500A10276 /* Frameworks */,
				CB9598041D5C429500A10276 /* Resources */,
			);
			buildRules = (
			);
			dependencies = (
				CB9598081D5C429500A10276 /* PBXTargetDependency */,
			);
			name = PokedexTests;
			productName = PokedexTests;
			productReference = CB9598061D5C429500A10276 /* PokedexTests.xctest */;
			productType = "com.apple.product-type.bundle.unit-test";
		};
		CB9598101D5C429500A10276 /* PokedexUITests */ = {
			isa = PBXNativeTarget;
			buildConfigurationList = CB9598201D5C429500A10276 /* Build configuration list for PBXNativeTarget "PokedexUITests" */;
			buildPhases = (
				CB95980D1D5C429500A10276 /* Sources */,
				CB95980E1D5C429500A10276 /* Frameworks */,
				CB95980F1D5C429500A10276 /* Resources */,
			);
			buildRules = (
			);
			dependencies = (
				CB9598131D5C429500A10276 /* PBXTargetDependency */,
			);
			name = PokedexUITests;
			productName = PokedexUITests;
			productReference = CB9598111D5C429500A10276 /* PokedexUITests.xctest */;
			productType = "com.apple.product-type.bundle.ui-testing";
		};
/* End PBXNativeTarget section */

/* Begin PBXProject section */
		CB9597EA1D5C429500A10276 /* Project object */ = {
			isa = PBXProject;
			attributes = {
				LastSwiftUpdateCheck = 0800;
				LastUpgradeCheck = 0800;
				ORGANIZATIONNAME = "MIV Solution";
				TargetAttributes = {
					CB9597F11D5C429500A10276 = {
						CreatedOnToolsVersion = 8.0;
						ProvisioningStyle = Automatic;
					};
					CB9598051D5C429500A10276 = {
						CreatedOnToolsVersion = 8.0;
						ProvisioningStyle = Automatic;
						TestTargetID = CB9597F11D5C429500A10276;
					};
					CB9598101D5C429500A10276 = {
						CreatedOnToolsVersion = 8.0;
						ProvisioningStyle = Automatic;
						TestTargetID = CB9597F11D5C429500A10276;
					};
				};
			};
			buildConfigurationList = CB9597ED1D5C429500A10276 /* Build configuration list for PBXProject "Pokedex" */;
			compatibilityVersion = "Xcode 3.2";
			developmentRegion = English;
			hasScannedForEncodings = 0;
			knownRegions = (
				en,
				Base,
			);
			mainGroup = CB9597E91D5C429500A10276;
			productRefGroup = CB9597F31D5C429500A10276 /* Products */;
			projectDirPath = "";
			projectRoot = "";
			targets = (
				CB9597F11D5C429500A10276 /* Pokedex */,
				CB9598051D5C429500A10276 /* PokedexTests */,
				CB9598101D5C429500A10276 /* PokedexUITests */,
			);
		};
/* End PBXProject section */

/* Begin PBXResourcesBuildPhase section */
		CB9597F01D5C429500A10276 /* Resources */ = {
			isa = PBXResourcesBuildPhase;
			buildActionMask = 2147483647;
			files = (
				CB9598001D5C429500A10276 /* LaunchScreen.storyboard in Resources */,
				CB9597FD1D5C429500A10276 /* Assets.xcassets in Resources */,
				CB9598241D5C479F00A10276 /* pokemon.csv in Resources */,
				CB9597FB1D5C429500A10276 /* Main.storyboard in Resources */,
			);
			runOnlyForDeploymentPostprocessing = 0;
		};
		CB9598041D5C429500A10276 /* Resources */ = {
			isa = PBXResourcesBuildPhase;
			buildActionMask = 2147483647;
			files = (
			);
			runOnlyForDeploymentPostprocessing = 0;
		};
		CB95980F1D5C429500A10276 /* Resources */ = {
			isa = PBXResourcesBuildPhase;
			buildActionMask = 2147483647;
			files = (
			);
			runOnlyForDeploymentPostprocessing = 0;
		};
/* End PBXResourcesBuildPhase section */

/* Begin PBXSourcesBuildPhase section */
		CB9597EE1D5C429500A10276 /* Sources */ = {
			isa = PBXSourcesBuildPhase;
			buildActionMask = 2147483647;
			files = (
				CB9597F81D5C429500A10276 /* ViewController.swift in Sources */,
				CB9597F61D5C429500A10276 /* AppDelegate.swift in Sources */,
			);
			runOnlyForDeploymentPostprocessing = 0;
		};
		CB9598021D5C429500A10276 /* Sources */ = {
			isa = PBXSourcesBuildPhase;
			buildActionMask = 2147483647;
			files = (
				CB95980B1D5C429500A10276 /* PokedexTests.swift in Sources */,
			);
			runOnlyForDeploymentPostprocessing = 0;
		};
		CB95980D1D5C429500A10276 /* Sources */ = {
			isa = PBXSourcesBuildPhase;
			buildActionMask = 2147483647;
			files = (
				CB9598161D5C429500A10276 /* PokedexUITests.swift in Sources */,
			);
			runOnlyForDeploymentPostprocessing = 0;
		};
/* End PBXSourcesBuildPhase section */

/* Begin PBXTargetDependency section */
		CB9598081D5C429500A10276 /* PBXTargetDependency */ = {
			isa = PBXTargetDependency;
			target = CB9597F11D5C429500A10276 /* Pokedex */;
			targetProxy = CB9598071D5C429500A10276 /* PBXContainerItemProxy */;
		};
		CB9598131D5C429500A10276 /* PBXTargetDependency */ = {
			isa = PBXTargetDependency;
			target = CB9597F11D5C429500A10276 /* Pokedex */;
			targetProxy = CB9598121D5C429500A10276 /* PBXContainerItemProxy */;
		};
/* End PBXTargetDependency section */

/* Begin PBXVariantGroup section */
		CB9597F91D5C429500A10276 /* Main.storyboard */ = {
			isa = PBXVariantGroup;
			children = (
				CB9597FA1D5C429500A10276 /* Base */,
			);
			name = Main.storyboard;
			sourceTree = "<group>";
		};
		CB9597FE1D5C429500A10276 /* LaunchScreen.storyboard */ = {
			isa = PBXVariantGroup;
			children = (
				CB9597FF1D5C429500A10276 /* Base */,
			);
			name = LaunchScreen.storyboard;
			sourceTree = "<group>";
		};
/* End PBXVariantGroup section */

/* Begin XCBuildConfiguration section */
		CB9598181D5C429500A10276 /* Debug */ = {
			isa = XCBuildConfiguration;
			buildSettings = {
				ALWAYS_SEARCH_USER_PATHS = NO;
				CLANG_ANALYZER_NONNULL = YES;
				CLANG_CXX_LANGUAGE_STANDARD = "gnu++0x";
				CLANG_CXX_LIBRARY = "libc++";
				CLANG_ENABLE_MODULES = YES;
				CLANG_ENABLE_OBJC_ARC = YES;
				CLANG_WARN_BOOL_CONVERSION = YES;
				CLANG_WARN_CONSTANT_CONVERSION = YES;
				CLANG_WARN_DIRECT_OBJC_ISA_USAGE = YES_ERROR;
				CLANG_WARN_DOCUMENTATION_COMMENTS = YES;
				CLANG_WARN_EMPTY_BODY = YES;
				CLANG_WARN_ENUM_CONVERSION = YES;
				CLANG_WARN_INFINITE_RECURSION = YES;
				CLANG_WARN_INT_CONVERSION = YES;
				CLANG_WARN_OBJC_ROOT_CLASS = YES_ERROR;
				CLANG_WARN_SUSPICIOUS_MOVES = YES;
				CLANG_WARN_UNREACHABLE_CODE = YES;
				CLANG_WARN__DUPLICATE_METHOD_MATCH = YES;
				"CODE_SIGN_IDENTITY[sdk=iphoneos*]" = "iPhone Developer";
				COPY_PHASE_STRIP = NO;
				DEBUG_INFORMATION_FORMAT = dwarf;
				ENABLE_STRICT_OBJC_MSGSEND = YES;
				ENABLE_TESTABILITY = YES;
				GCC_C_LANGUAGE_STANDARD = gnu99;
				GCC_DYNAMIC_NO_PIC = NO;
				GCC_NO_COMMON_BLOCKS = YES;
				GCC_OPTIMIZATION_LEVEL = 0;
				GCC_PREPROCESSOR_DEFINITIONS = (
					"DEBUG=1",
					"$(inherited)",
				);
				GCC_WARN_64_TO_32_BIT_CONVERSION = YES;
				GCC_WARN_ABOUT_RETURN_TYPE = YES_ERROR;
				GCC_WARN_UNDECLARED_SELECTOR = YES;
				GCC_WARN_UNINITIALIZED_AUTOS = YES_AGGRESSIVE;
				GCC_WARN_UNUSED_FUNCTION = YES;
				GCC_WARN_UNUSED_VARIABLE = YES;
				IPHONEOS_DEPLOYMENT_TARGET = 10.0;
				MTL_ENABLE_DEBUG_INFO = YES;
				ONLY_ACTIVE_ARCH = YES;
				SDKROOT = iphoneos;
				SWIFT_ACTIVE_COMPILATION_CONDITIONS = DEBUG;
				SWIFT_OPTIMIZATION_LEVEL = "-Onone";
				TARGETED_DEVICE_FAMILY = "1,2";
			};
			name = Debug;
		};
		CB9598191D5C429500A10276 /* Release */ = {
			isa = XCBuildConfiguration;
			buildSettings = {
				ALWAYS_SEARCH_USER_PATHS = NO;
				CLANG_ANALYZER_NONNULL = YES;
				CLANG_CXX_LANGUAGE_STANDARD = "gnu++0x";
				CLANG_CXX_LIBRARY = "libc++";
				CLANG_ENABLE_MODULES = YES;
				CLANG_ENABLE_OBJC_ARC = YES;
				CLANG_WARN_BOOL_CONVERSION = YES;
				CLANG_WARN_CONSTANT_CONVERSION = YES;
				CLANG_WARN_DIRECT_OBJC_ISA_USAGE = YES_ERROR;
				CLANG_WARN_DOCUMENTATION_COMMENTS = YES;
				CLANG_WARN_EMPTY_BODY = YES;
				CLANG_WARN_ENUM_CONVERSION = YES;
				CLANG_WARN_INFINITE_RECURSION = YES;
				CLANG_WARN_INT_CONVERSION = YES;
				CLANG_WARN_OBJC_ROOT_CLASS = YES_ERROR;
				CLANG_WARN_SUSPICIOUS_MOVES = YES;
				CLANG_WARN_UNREACHABLE_CODE = YES;
				CLANG_WARN__DUPLICATE_METHOD_MATCH = YES;
				"CODE_SIGN_IDENTITY[sdk=iphoneos*]" = "iPhone Developer";
				COPY_PHASE_STRIP = NO;
				DEBUG_INFORMATION_FORMAT = "dwarf-with-dsym";
				ENABLE_NS_ASSERTIONS = NO;
				ENABLE_STRICT_OBJC_MSGSEND = YES;
				GCC_C_LANGUAGE_STANDARD = gnu99;
				GCC_NO_COMMON_BLOCKS = YES;
				GCC_WARN_64_TO_32_BIT_CONVERSION = YES;
				GCC_WARN_ABOUT_RETURN_TYPE = YES_ERROR;
				GCC_WARN_UNDECLARED_SELECTOR = YES;
				GCC_WARN_UNINITIALIZED_AUTOS = YES_AGGRESSIVE;
				GCC_WARN_UNUSED_FUNCTION = YES;
				GCC_WARN_UNUSED_VARIABLE = YES;
				IPHONEOS_DEPLOYMENT_TARGET = 10.0;
				MTL_ENABLE_DEBUG_INFO = NO;
				SDKROOT = iphoneos;
				SWIFT_OPTIMIZATION_LEVEL = "-Owholemodule";
				TARGETED_DEVICE_FAMILY = "1,2";
				VALIDATE_PRODUCT = YES;
			};
			name = Release;
		};
		CB95981B1D5C429500A10276 /* Debug */ = {
			isa = XCBuildConfiguration;
			buildSettings = {
				ASSETCATALOG_COMPILER_APPICON_NAME = AppIcon;
				INFOPLIST_FILE = Pokedex/Info.plist;
				LD_RUNPATH_SEARCH_PATHS = "$(inherited) @executable_path/Frameworks";
				PRODUCT_BUNDLE_IDENTIFIER = mivsolution.Pokedex;
				PRODUCT_NAME = "$(TARGET_NAME)";
				SWIFT_VERSION = 3.0;
			};
			name = Debug;
		};
		CB95981C1D5C429500A10276 /* Release */ = {
			isa = XCBuildConfiguration;
			buildSettings = {
				ASSETCATALOG_COMPILER_APPICON_NAME = AppIcon;
				INFOPLIST_FILE = Pokedex/Info.plist;
				LD_RUNPATH_SEARCH_PATHS = "$(inherited) @executable_path/Frameworks";
				PRODUCT_BUNDLE_IDENTIFIER = mivsolution.Pokedex;
				PRODUCT_NAME = "$(TARGET_NAME)";
				SWIFT_VERSION = 3.0;
			};
			name = Release;
		};
		CB95981E1D5C429500A10276 /* Debug */ = {
			isa = XCBuildConfiguration;
			buildSettings = {
				BUNDLE_LOADER = "$(TEST_HOST)";
				INFOPLIST_FILE = PokedexTests/Info.plist;
				LD_RUNPATH_SEARCH_PATHS = "$(inherited) @executable_path/Frameworks @loader_path/Frameworks";
				PRODUCT_BUNDLE_IDENTIFIER = mivsolution.PokedexTests;
				PRODUCT_NAME = "$(TARGET_NAME)";
				SWIFT_VERSION = 3.0;
				TEST_HOST = "$(BUILT_PRODUCTS_DIR)/Pokedex.app/Pokedex";
			};
			name = Debug;
		};
		CB95981F1D5C429500A10276 /* Release */ = {
			isa = XCBuildConfiguration;
			buildSettings = {
				BUNDLE_LOADER = "$(TEST_HOST)";
				INFOPLIST_FILE = PokedexTests/Info.plist;
				LD_RUNPATH_SEARCH_PATHS = "$(inherited) @executable_path/Frameworks @loader_path/Frameworks";
				PRODUCT_BUNDLE_IDENTIFIER = mivsolution.PokedexTests;
				PRODUCT_NAME = "$(TARGET_NAME)";
				SWIFT_VERSION = 3.0;
				TEST_HOST = "$(BUILT_PRODUCTS_DIR)/Pokedex.app/Pokedex";
			};
			name = Release;
		};
		CB9598211D5C429500A10276 /* Debug */ = {
			isa = XCBuildConfiguration;
			buildSettings = {
				INFOPLIST_FILE = PokedexUITests/Info.plist;
				LD_RUNPATH_SEARCH_PATHS = "$(inherited) @executable_path/Frameworks @loader_path/Frameworks";
				PRODUCT_BUNDLE_IDENTIFIER = mivsolution.PokedexUITests;
				PRODUCT_NAME = "$(TARGET_NAME)";
				SWIFT_VERSION = 3.0;
				TEST_TARGET_NAME = Pokedex;
			};
			name = Debug;
		};
		CB9598221D5C429500A10276 /* Release */ = {
			isa = XCBuildConfiguration;
			buildSettings = {
				INFOPLIST_FILE = PokedexUITests/Info.plist;
				LD_RUNPATH_SEARCH_PATHS = "$(inherited) @executable_path/Frameworks @loader_path/Frameworks";
				PRODUCT_BUNDLE_IDENTIFIER = mivsolution.PokedexUITests;
				PRODUCT_NAME = "$(TARGET_NAME)";
				SWIFT_VERSION = 3.0;
				TEST_TARGET_NAME = Pokedex;
			};
			name = Release;
		};
/* End XCBuildConfiguration section */

/* Begin XCConfigurationList section */
		CB9597ED1D5C429500A10276 /* Build configuration list for PBXProject "Pokedex" */ = {
			isa = XCConfigurationList;
			buildConfigurations = (
				CB9598181D5C429500A10276 /* Debug */,
				CB9598191D5C429500A10276 /* Release */,
			);
			defaultConfigurationIsVisible = 0;
			defaultConfigurationName = Release;
		};
		CB95981A1D5C429500A10276 /* Build configuration list for PBXNativeTarget "Pokedex" */ = {
			isa = XCConfigurationList;
			buildConfigurations = (
				CB95981B1D5C429500A10276 /* Debug */,
				CB95981C1D5C429500A10276 /* Release */,
			);
			defaultConfigurationIsVisible = 0;
		};
		CB95981D1D5C429500A10276 /* Build configuration list for PBXNativeTarget "PokedexTests" */ = {
			isa = XCConfigurationList;
			buildConfigurations = (
				CB95981E1D5C429500A10276 /* Debug */,
				CB95981F1D5C429500A10276 /* Release */,
			);
			defaultConfigurationIsVisible = 0;
		};
		CB9598201D5C429500A10276 /* Build configuration list for PBXNativeTarget "PokedexUITests" */ = {
			isa = XCConfigurationList;
			buildConfigurations = (
				CB9598211D5C429500A10276 /* Debug */,
				CB9598221D5C429500A10276 /* Release */,
			);
			defaultConfigurationIsVisible = 0;
		};
/* End XCConfigurationList section */
	};
	rootObject = CB9597EA1D5C429500A10276 /* Project object */;
}
